
Microsoft Visual Studio Solution File, Format Version 12.00
# Visual Studio Version 17
VisualStudioVersion = 17.0.32112.339
MinimumVisualStudioVersion = 10.0.40219.1
Project("{9A19103F-16F7-4668-BE54-9A1E7A4F7556}") = "Gamepad", "Gamepad\Gamepad.csproj", "{270DBB59-E968-4361-A998-EB9977978612}"
EndProject
Project("{8BC9CEB8-8B4A-11D0-8D11-00A0C91BC942}") = "Gamepad.XInput", "Gamepad.XInput\Gamepad.XInput.vcxproj", "{F3A7F35A-19CC-41AD-837B-A3D6B90C3AA2}"
EndProject
Project("{2150E333-8FDC-42A3-9474-1A3956D46DE8}") = "Tests", "Tests", "{F73CA091-08D9-42AE-9716-DEE867B97845}"
EndProject
Project("{9A19103F-16F7-4668-BE54-9A1E7A4F7556}") = "Gamepad.XInput.Tests", "Gamepad.XInput.Tests\Gamepad.XInput.Tests.csproj", "{1362F671-5F13-4D29-A344-D68287DE7224}"
EndProject
Global
	GlobalSection(SolutionConfigurationPlatforms) = preSolution
		Debug|x64 = Debug|x64
		Debug|x86 = Debug|x86
		Release|x64 = Release|x64
		Release|x86 = Release|x86
	EndGlobalSection
	GlobalSection(ProjectConfigurationPlatforms) = postSolution
		{270DBB59-E968-4361-A998-EB9977978612}.Debug|x64.ActiveCfg = Debug|Any CPU
		{270DBB59-E968-4361-A998-EB9977978612}.Debug|x64.Build.0 = Debug|Any CPU
		{270DBB59-E968-4361-A998-EB9977978612}.Debug|x86.ActiveCfg = Debug|Any CPU
		{270DBB59-E968-4361-A998-EB9977978612}.Debug|x86.Build.0 = Debug|Any CPU
		{270DBB59-E968-4361-A998-EB9977978612}.Release|x64.ActiveCfg = Release|Any CPU
		{270DBB59-E968-4361-A998-EB9977978612}.Release|x64.Build.0 = Release|Any CPU
		{270DBB59-E968-4361-A998-EB9977978612}.Release|x86.ActiveCfg = Release|Any CPU
		{270DBB59-E968-4361-A998-EB9977978612}.Release|x86.Build.0 = Release|Any CPU
		{F3A7F35A-19CC-41AD-837B-A3D6B90C3AA2}.Debug|x64.ActiveCfg = Debug|x64
		{F3A7F35A-19CC-41AD-837B-A3D6B90C3AA2}.Debug|x64.Build.0 = Debug|x64
		{F3A7F35A-19CC-41AD-837B-A3D6B90C3AA2}.Debug|x86.ActiveCfg = Debug|Win32
		{F3A7F35A-19CC-41AD-837B-A3D6B90C3AA2}.Debug|x86.Build.0 = Debug|Win32
		{F3A7F35A-19CC-41AD-837B-A3D6B90C3AA2}.Release|x64.ActiveCfg = Release|x64
		{F3A7F35A-19CC-41AD-837B-A3D6B90C3AA2}.Release|x64.Build.0 = Release|x64
		{F3A7F35A-19CC-41AD-837B-A3D6B90C3AA2}.Release|x86.ActiveCfg = Release|Win32
		{F3A7F35A-19CC-41AD-837B-A3D6B90C3AA2}.Release|x86.Build.0 = Release|Win32
		{1362F671-5F13-4D29-A344-D68287DE7224}.Debug|x64.ActiveCfg = Debug|x64
		{1362F671-5F13-4D29-A344-D68287DE7224}.Debug|x64.Build.0 = Debug|x64
		{1362F671-5F13-4D29-A344-D68287DE7224}.Debug|x86.ActiveCfg = Debug|x86
		{1362F671-5F13-4D29-A344-D68287DE7224}.Debug|x86.Build.0 = Debug|x86
		{1362F671-5F13-4D29-A344-D68287DE7224}.Release|x64.ActiveCfg = Release|Any CPU
		{1362F671-5F13-4D29-A344-D68287DE7224}.Release|x64.Build.0 = Release|Any CPU
		{1362F671-5F13-4D29-A344-D68287DE7224}.Release|x86.ActiveCfg = Release|x86
		{1362F671-5F13-4D29-A344-D68287DE7224}.Release|x86.Build.0 = Release|x86
	EndGlobalSection
	GlobalSection(SolutionProperties) = preSolution
		HideSolutionNode = FALSE
	EndGlobalSection
	GlobalSection(NestedProjects) = preSolution
		{1362F671-5F13-4D29-A344-D68287DE7224} = {F73CA091-08D9-42AE-9716-DEE867B97845}
	EndGlobalSection
	GlobalSection(ExtensibilityGlobals) = postSolution
		SolutionGuid = {A67881D0-CE21-4062-8435-D5734BFF49B0}
	EndGlobalSection
EndGlobal
